
Microsoft Visual Studio Solution File, Format Version 12.00
# Visual Studio Version 16
VisualStudioVersion = 16.0.30225.117
MinimumVisualStudioVersion = 10.0.40219.1
Project("{FAE04EC0-301F-11D3-BF4B-00C04F79EFBC}") = "Downloader", "Downloader\Downloader.csproj", "{02B858EE-844D-4AB8-8E0E-20110E640D4B}"
EndProject
Project("{FAE04EC0-301F-11D3-BF4B-00C04F79EFBC}") = "okf-urfu-downloader", "okf-urfu-downloader\okf-urfu-downloader.csproj", "{77CBF52D-BB5B-41F3-BED0-5FEDFF7F1C6A}"
EndProject
Global
	GlobalSection(SolutionConfigurationPlatforms) = preSolution
		Debug|Any CPU = Debug|Any CPU
		Release|Any CPU = Release|Any CPU
	EndGlobalSection
	GlobalSection(ProjectConfigurationPlatforms) = postSolution
		{02B858EE-844D-4AB8-8E0E-20110E640D4B}.Debug|Any CPU.ActiveCfg = Debug|Any CPU
		{02B858EE-844D-4AB8-8E0E-20110E640D4B}.Debug|Any CPU.Build.0 = Debug|Any CPU
		{02B858EE-844D-4AB8-8E0E-20110E640D4B}.Release|Any CPU.ActiveCfg = Release|Any CPU
		{02B858EE-844D-4AB8-8E0E-20110E640D4B}.Release|Any CPU.Build.0 = Release|Any CPU
		{77CBF52D-BB5B-41F3-BED0-5FEDFF7F1C6A}.Debug|Any CPU.ActiveCfg = Debug|Any CPU
		{77CBF52D-BB5B-41F3-BED0-5FEDFF7F1C6A}.Debug|Any CPU.Build.0 = Debug|Any CPU
		{77CBF52D-BB5B-41F3-BED0-5FEDFF7F1C6A}.Release|Any CPU.ActiveCfg = Release|Any CPU
		{77CBF52D-BB5B-41F3-BED0-5FEDFF7F1C6A}.Release|Any CPU.Build.0 = Release|Any CPU
	EndGlobalSection
	GlobalSection(SolutionProperties) = preSolution
		HideSolutionNode = FALSE
	EndGlobalSection
	GlobalSection(ExtensibilityGlobals) = postSolution
		SolutionGuid = {168AF49D-1416-44A5-AC95-E43C9EBF6332}
	EndGlobalSection
EndGlobal
